# THIS IS AN AUTOGENERATED FILE. DO NOT EDIT THIS FILE DIRECTLY.
# yarn lockfile v1


create-next-app@^14.2.2:
  version "14.2.2"
  resolved "https://registry.yarnpkg.com/create-next-app/-/create-next-app-14.2.2.tgz#905312b5d14d77a46b96d4b46dc063244729abcb"
  integrity sha512-IHTU5cpOSfzJx/cDkMKhps4ISmr1CcnjxchRpXGW54zvdeuivIcJjm7N305TWgo4tR2xDa998DprBVnX588qug==
